// !$*UTF8*$!
{
	archiveVersion = 1;
	classes = {
	};
	objectVersion = 56;
	objects = {

/* Begin PBXBuildFile section */
		9B1F59D62DE51514006006FB /* FontSizePreviewCommands.swift in Sources */ = {isa = PBXBuildFile; fileRef = 9B1F59D52DE51509006006FB /* FontSizePreviewCommands.swift */; };
		9B334C6A2DE2996C009979EE /* FontDataModel.swift in Sources */ = {isa = PBXBuildFile; fileRef = 9B334C692DE29967009979EE /* FontDataModel.swift */; };
		9B4AA3362DE00D47007629E7 /* FontManagerApp.swift in Sources */ = {isa = PBXBuildFile; fileRef = 9B4AA3352DE00D47007629E7 /* FontManagerApp.swift */; };
		9B4AA33A2DE00D48007629E7 /* Assets.xcassets in Resources */ = {isa = PBXBuildFile; fileRef = 9B4AA3392DE00D48007629E7 /* Assets.xcassets */; };
		9B4AA33D2DE00D48007629E7 /* Preview Assets.xcassets in Resources */ = {isa = PBXBuildFile; fileRef = 9B4AA33C2DE00D48007629E7 /* Preview Assets.xcassets */; };
		9B4AA3482DE00D48007629E7 /* FontManagerTests.swift in Sources */ = {isa = PBXBuildFile; fileRef = 9B4AA3472DE00D48007629E7 /* FontManagerTests.swift */; };
		9B4AA3522DE00D48007629E7 /* FontManagerUITests.swift in Sources */ = {isa = PBXBuildFile; fileRef = 9B4AA3512DE00D48007629E7 /* FontManagerUITests.swift */; };
		9B4AA3542DE00D48007629E7 /* FontManagerUITestsLaunchTests.swift in Sources */ = {isa = PBXBuildFile; fileRef = 9B4AA3532DE00D48007629E7 /* FontManagerUITestsLaunchTests.swift */; };
		9B4AA3612DE00E00007629E7 /* FontListView.swift in Sources */ = {isa = PBXBuildFile; fileRef = 9B4AA3602DE00E00007629E7 /* FontListView.swift */; };
		9B7B880A2DE3C95C00B67929 /* FontSync.swift in Sources */ = {isa = PBXBuildFile; fileRef = 9B7B88092DE3C94C00B67929 /* FontSync.swift */; };
		9BBEBA682DE4CD1D00D3C419 /* CompareFiles.swift in Sources */ = {isa = PBXBuildFile; fileRef = 9BBEBA672DE4CD1A00D3C419 /* CompareFiles.swift */; };
		9BBEBA6A2DE4CD7200D3C419 /* SecuredScopeAccess.swift in Sources */ = {isa = PBXBuildFile; fileRef = 9BBEBA692DE4CD6E00D3C419 /* SecuredScopeAccess.swift */; };
/* End PBXBuildFile section */

/* Begin PBXContainerItemProxy section */
		9B4AA3442DE00D48007629E7 /* PBXContainerItemProxy */ = {
			isa = PBXContainerItemProxy;
			containerPortal = 9B4AA32A2DE00D47007629E7 /* Project object */;
			proxyType = 1;
			remoteGlobalIDString = 9B4AA3312DE00D47007629E7;
			remoteInfo = FontManager;
		};
		9B4AA34E2DE00D48007629E7 /* PBXContainerItemProxy */ = {
			isa = PBXContainerItemProxy;
			containerPortal = 9B4AA32A2DE00D47007629E7 /* Project object */;
			proxyType = 1;
			remoteGlobalIDString = 9B4AA3312DE00D47007629E7;
			remoteInfo = FontManager;
		};
/* End PBXContainerItemProxy section */

/* Begin PBXFileReference section */
		9B1F59D52DE51509006006FB /* FontSizePreviewCommands.swift */ = {isa = PBXFileReference; lastKnownFileType = sourcecode.swift; path = FontSizePreviewCommands.swift; sourceTree = "<group>"; };
		9B334C692DE29967009979EE /* FontDataModel.swift */ = {isa = PBXFileReference; lastKnownFileType = sourcecode.swift; path = FontDataModel.swift; sourceTree = "<group>"; };
		9B4AA3322DE00D47007629E7 /* FontManager.app */ = {isa = PBXFileReference; explicitFileType = wrapper.application; includeInIndex = 0; path = FontManager.app; sourceTree = BUILT_PRODUCTS_DIR; };
		9B4AA3352DE00D47007629E7 /* FontManagerApp.swift */ = {isa = PBXFileReference; lastKnownFileType = sourcecode.swift; path = FontManagerApp.swift; sourceTree = "<group>"; };
		9B4AA3392DE00D48007629E7 /* Assets.xcassets */ = {isa = PBXFileReference; lastKnownFileType = folder.assetcatalog; path = Assets.xcassets; sourceTree = "<group>"; };
		9B4AA33C2DE00D48007629E7 /* Preview Assets.xcassets */ = {isa = PBXFileReference; lastKnownFileType = folder.assetcatalog; path = "Preview Assets.xcassets"; sourceTree = "<group>"; };
		9B4AA33E2DE00D48007629E7 /* FontManager.entitlements */ = {isa = PBXFileReference; lastKnownFileType = text.plist.entitlements; path = FontManager.entitlements; sourceTree = "<group>"; };
		9B4AA3432DE00D48007629E7 /* FontManagerTests.xctest */ = {isa = PBXFileReference; explicitFileType = wrapper.cfbundle; includeInIndex = 0; path = FontManagerTests.xctest; sourceTree = BUILT_PRODUCTS_DIR; };
		9B4AA3472DE00D48007629E7 /* FontManagerTests.swift */ = {isa = PBXFileReference; lastKnownFileType = sourcecode.swift; path = FontManagerTests.swift; sourceTree = "<group>"; };
		9B4AA34D2DE00D48007629E7 /* FontManagerUITests.xctest */ = {isa = PBXFileReference; explicitFileType = wrapper.cfbundle; includeInIndex = 0; path = FontManagerUITests.xctest; sourceTree = BUILT_PRODUCTS_DIR; };
		9B4AA3512DE00D48007629E7 /* FontManagerUITests.swift */ = {isa = PBXFileReference; lastKnownFileType = sourcecode.swift; path = FontManagerUITests.swift; sourceTree = "<group>"; };
		9B4AA3532DE00D48007629E7 /* FontManagerUITestsLaunchTests.swift */ = {isa = PBXFileReference; lastKnownFileType = sourcecode.swift; path = FontManagerUITestsLaunchTests.swift; sourceTree = "<group>"; };
		9B4AA3602DE00E00007629E7 /* FontListView.swift */ = {isa = PBXFileReference; lastKnownFileType = sourcecode.swift; path = FontListView.swift; sourceTree = "<group>"; };
		9B7B88092DE3C94C00B67929 /* FontSync.swift */ = {isa = PBXFileReference; lastKnownFileType = sourcecode.swift; path = FontSync.swift; sourceTree = "<group>"; };
		9BBEBA672DE4CD1A00D3C419 /* CompareFiles.swift */ = {isa = PBXFileReference; lastKnownFileType = sourcecode.swift; path = CompareFiles.swift; sourceTree = "<group>"; };
		9BBEBA692DE4CD6E00D3C419 /* SecuredScopeAccess.swift */ = {isa = PBXFileReference; lastKnownFileType = sourcecode.swift; path = SecuredScopeAccess.swift; sourceTree = "<group>"; };
/* End PBXFileReference section */

/* Begin PBXFrameworksBuildPhase section */
		9B4AA32F2DE00D47007629E7 /* Frameworks */ = {
			isa = PBXFrameworksBuildPhase;
			buildActionMask = 2147483647;
			files = (
			);
			runOnlyForDeploymentPostprocessing = 0;
		};
		9B4AA3402DE00D48007629E7 /* Frameworks */ = {
			isa = PBXFrameworksBuildPhase;
			buildActionMask = 2147483647;
			files = (
			);
			runOnlyForDeploymentPostprocessing = 0;
		};
		9B4AA34A2DE00D48007629E7 /* Frameworks */ = {
			isa = PBXFrameworksBuildPhase;
			buildActionMask = 2147483647;
			files = (
			);
			runOnlyForDeploymentPostprocessing = 0;
		};
/* End PBXFrameworksBuildPhase section */

/* Begin PBXGroup section */
		9B334C682DE2995B009979EE /* model */ = {
			isa = PBXGroup;
			children = (
				9B334C692DE29967009979EE /* FontDataModel.swift */,
			);
			path = model;
			sourceTree = "<group>";
		};
		9B4AA3292DE00D47007629E7 = {
			isa = PBXGroup;
			children = (
				9B4AA3342DE00D47007629E7 /* FontManager */,
				9B4AA3462DE00D48007629E7 /* FontManagerTests */,
				9B4AA3502DE00D48007629E7 /* FontManagerUITests */,
				9B4AA3332DE00D47007629E7 /* Products */,
			);
			sourceTree = "<group>";
		};
		9B4AA3332DE00D47007629E7 /* Products */ = {
			isa = PBXGroup;
			children = (
				9B4AA3322DE00D47007629E7 /* FontManager.app */,
				9B4AA3432DE00D48007629E7 /* FontManagerTests.xctest */,
				9B4AA34D2DE00D48007629E7 /* FontManagerUITests.xctest */,
			);
			name = Products;
			sourceTree = "<group>";
		};
		9B4AA3342DE00D47007629E7 /* FontManager */ = {
			isa = PBXGroup;
			children = (
				9BBEBA662DE4CD0700D3C419 /* Font Sync */,
				9B4AA33B2DE00D48007629E7 /* Preview Content */,
				9B334C682DE2995B009979EE /* model */,
				9B4AA3392DE00D48007629E7 /* Assets.xcassets */,
				9B4AA33E2DE00D48007629E7 /* FontManager.entitlements */,
				9B4AA3352DE00D47007629E7 /* FontManagerApp.swift */,
				9B4AA3602DE00E00007629E7 /* FontListView.swift */,
				9B1F59D52DE51509006006FB /* FontSizePreviewCommands.swift */,
			);
			path = FontManager;
			sourceTree = "<group>";
		};
		9B4AA33B2DE00D48007629E7 /* Preview Content */ = {
			isa = PBXGroup;
			children = (
				9B4AA33C2DE00D48007629E7 /* Preview Assets.xcassets */,
			);
			path = "Preview Content";
			sourceTree = "<group>";
		};
		9B4AA3462DE00D48007629E7 /* FontManagerTests */ = {
			isa = PBXGroup;
			children = (
				9B4AA3472DE00D48007629E7 /* FontManagerTests.swift */,
			);
			path = FontManagerTests;
			sourceTree = "<group>";
		};
		9B4AA3502DE00D48007629E7 /* FontManagerUITests */ = {
			isa = PBXGroup;
			children = (
				9B4AA3512DE00D48007629E7 /* FontManagerUITests.swift */,
				9B4AA3532DE00D48007629E7 /* FontManagerUITestsLaunchTests.swift */,
			);
			path = FontManagerUITests;
			sourceTree = "<group>";
		};
		9BBEBA662DE4CD0700D3C419 /* Font Sync */ = {
			isa = PBXGroup;
			children = (
				9B7B88092DE3C94C00B67929 /* FontSync.swift */,
				9BBEBA672DE4CD1A00D3C419 /* CompareFiles.swift */,
				9BBEBA692DE4CD6E00D3C419 /* SecuredScopeAccess.swift */,
			);
			path = "Font Sync";
			sourceTree = "<group>";
		};
/* End PBXGroup section */

/* Begin PBXNativeTarget section */
		9B4AA3312DE00D47007629E7 /* FontManager */ = {
			isa = PBXNativeTarget;
			buildConfigurationList = 9B4AA3572DE00D48007629E7 /* Build configuration list for PBXNativeTarget "FontManager" */;
			buildPhases = (
				9B4AA32E2DE00D47007629E7 /* Sources */,
				9B4AA32F2DE00D47007629E7 /* Frameworks */,
				9B4AA3302DE00D47007629E7 /* Resources */,
			);
			buildRules = (
			);
			dependencies = (
			);
			name = FontManager;
			productName = FontManager;
			productReference = 9B4AA3322DE00D47007629E7 /* FontManager.app */;
			productType = "com.apple.product-type.application";
		};
		9B4AA3422DE00D48007629E7 /* FontManagerTests */ = {
			isa = PBXNativeTarget;
			buildConfigurationList = 9B4AA35A2DE00D48007629E7 /* Build configuration list for PBXNativeTarget "FontManagerTests" */;
			buildPhases = (
				9B4AA33F2DE00D48007629E7 /* Sources */,
				9B4AA3402DE00D48007629E7 /* Frameworks */,
				9B4AA3412DE00D48007629E7 /* Resources */,
			);
			buildRules = (
			);
			dependencies = (
				9B4AA3452DE00D48007629E7 /* PBXTargetDependency */,
			);
			name = FontManagerTests;
			productName = FontManagerTests;
			productReference = 9B4AA3432DE00D48007629E7 /* FontManagerTests.xctest */;
			productType = "com.apple.product-type.bundle.unit-test";
		};
		9B4AA34C2DE00D48007629E7 /* FontManagerUITests */ = {
			isa = PBXNativeTarget;
			buildConfigurationList = 9B4AA35D2DE00D48007629E7 /* Build configuration list for PBXNativeTarget "FontManagerUITests" */;
			buildPhases = (
				9B4AA3492DE00D48007629E7 /* Sources */,
				9B4AA34A2DE00D48007629E7 /* Frameworks */,
				9B4AA34B2DE00D48007629E7 /* Resources */,
			);
			buildRules = (
			);
			dependencies = (
				9B4AA34F2DE00D48007629E7 /* PBXTargetDependency */,
			);
			name = FontManagerUITests;
			productName = FontManagerUITests;
			productReference = 9B4AA34D2DE00D48007629E7 /* FontManagerUITests.xctest */;
			productType = "com.apple.product-type.bundle.ui-testing";
		};
/* End PBXNativeTarget section */

/* Begin PBXProject section */
		9B4AA32A2DE00D47007629E7 /* Project object */ = {
			isa = PBXProject;
			attributes = {
				BuildIndependentTargetsInParallel = 1;
				LastSwiftUpdateCheck = 1540;
				LastUpgradeCheck = 1630;
				TargetAttributes = {
					9B4AA3312DE00D47007629E7 = {
						CreatedOnToolsVersion = 15.4;
					};
					9B4AA3422DE00D48007629E7 = {
						CreatedOnToolsVersion = 15.4;
						TestTargetID = 9B4AA3312DE00D47007629E7;
					};
					9B4AA34C2DE00D48007629E7 = {
						CreatedOnToolsVersion = 15.4;
						TestTargetID = 9B4AA3312DE00D47007629E7;
					};
				};
			};
			buildConfigurationList = 9B4AA32D2DE00D47007629E7 /* Build configuration list for PBXProject "FontManager" */;
			compatibilityVersion = "Xcode 14.0";
			developmentRegion = en;
			hasScannedForEncodings = 0;
			knownRegions = (
				en,
				Base,
			);
			mainGroup = 9B4AA3292DE00D47007629E7;
			productRefGroup = 9B4AA3332DE00D47007629E7 /* Products */;
			projectDirPath = "";
			projectRoot = "";
			targets = (
				9B4AA3312DE00D47007629E7 /* FontManager */,
				9B4AA3422DE00D48007629E7 /* FontManagerTests */,
				9B4AA34C2DE00D48007629E7 /* FontManagerUITests */,
			);
		};
/* End PBXProject section */

/* Begin PBXResourcesBuildPhase section */
		9B4AA3302DE00D47007629E7 /* Resources */ = {
			isa = PBXResourcesBuildPhase;
			buildActionMask = 2147483647;
			files = (
				9B4AA33D2DE00D48007629E7 /* Preview Assets.xcassets in Resources */,
				9B4AA33A2DE00D48007629E7 /* Assets.xcassets in Resources */,
			);
			runOnlyForDeploymentPostprocessing = 0;
		};
		9B4AA3412DE00D48007629E7 /* Resources */ = {
			isa = PBXResourcesBuildPhase;
			buildActionMask = 2147483647;
			files = (
			);
			runOnlyForDeploymentPostprocessing = 0;
		};
		9B4AA34B2DE00D48007629E7 /* Resources */ = {
			isa = PBXResourcesBuildPhase;
			buildActionMask = 2147483647;
			files = (
			);
			runOnlyForDeploymentPostprocessing = 0;
		};
/* End PBXResourcesBuildPhase section */

/* Begin PBXSourcesBuildPhase section */
		9B4AA32E2DE00D47007629E7 /* Sources */ = {
			isa = PBXSourcesBuildPhase;
			buildActionMask = 2147483647;
			files = (
				9B7B880A2DE3C95C00B67929 /* FontSync.swift in Sources */,
				9B4AA3612DE00E00007629E7 /* FontListView.swift in Sources */,
				9B4AA3362DE00D47007629E7 /* FontManagerApp.swift in Sources */,
				9B334C6A2DE2996C009979EE /* FontDataModel.swift in Sources */,
				9BBEBA682DE4CD1D00D3C419 /* CompareFiles.swift in Sources */,
				9B1F59D62DE51514006006FB /* FontSizePreviewCommands.swift in Sources */,
				9BBEBA6A2DE4CD7200D3C419 /* SecuredScopeAccess.swift in Sources */,
			);
			runOnlyForDeploymentPostprocessing = 0;
		};
		9B4AA33F2DE00D48007629E7 /* Sources */ = {
			isa = PBXSourcesBuildPhase;
			buildActionMask = 2147483647;
			files = (
				9B4AA3482DE00D48007629E7 /* FontManagerTests.swift in Sources */,
			);
			runOnlyForDeploymentPostprocessing = 0;
		};
		9B4AA3492DE00D48007629E7 /* Sources */ = {
			isa = PBXSourcesBuildPhase;
			buildActionMask = 2147483647;
			files = (
				9B4AA3522DE00D48007629E7 /* FontManagerUITests.swift in Sources */,
				9B4AA3542DE00D48007629E7 /* FontManagerUITestsLaunchTests.swift in Sources */,
			);
			runOnlyForDeploymentPostprocessing = 0;
		};
/* End PBXSourcesBuildPhase section */

/* Begin PBXTargetDependency section */
		9B4AA3452DE00D48007629E7 /* PBXTargetDependency */ = {
			isa = PBXTargetDependency;
			target = 9B4AA3312DE00D47007629E7 /* FontManager */;
			targetProxy = 9B4AA3442DE00D48007629E7 /* PBXContainerItemProxy */;
		};
		9B4AA34F2DE00D48007629E7 /* PBXTargetDependency */ = {
			isa = PBXTargetDependency;
			target = 9B4AA3312DE00D47007629E7 /* FontManager */;
			targetProxy = 9B4AA34E2DE00D48007629E7 /* PBXContainerItemProxy */;
		};
/* End PBXTargetDependency section */

/* Begin XCBuildConfiguration section */
		9B4AA3552DE00D48007629E7 /* Debug */ = {
			isa = XCBuildConfiguration;
			buildSettings = {
				ALWAYS_SEARCH_USER_PATHS = NO;
				ASSETCATALOG_COMPILER_GENERATE_SWIFT_ASSET_SYMBOL_EXTENSIONS = YES;
				CLANG_ANALYZER_NONNULL = YES;
				CLANG_ANALYZER_NUMBER_OBJECT_CONVERSION = YES_AGGRESSIVE;
				CLANG_CXX_LANGUAGE_STANDARD = "gnu++20";
				CLANG_ENABLE_MODULES = YES;
				CLANG_ENABLE_OBJC_ARC = YES;
				CLANG_ENABLE_OBJC_WEAK = YES;
				CLANG_WARN_BLOCK_CAPTURE_AUTORELEASING = YES;
				CLANG_WARN_BOOL_CONVERSION = YES;
				CLANG_WARN_COMMA = YES;
				CLANG_WARN_CONSTANT_CONVERSION = YES;
				CLANG_WARN_DEPRECATED_OBJC_IMPLEMENTATIONS = YES;
				CLANG_WARN_DIRECT_OBJC_ISA_USAGE = YES_ERROR;
				CLANG_WARN_DOCUMENTATION_COMMENTS = YES;
				CLANG_WARN_EMPTY_BODY = YES;
				CLANG_WARN_ENUM_CONVERSION = YES;
				CLANG_WARN_INFINITE_RECURSION = YES;
				CLANG_WARN_INT_CONVERSION = YES;
				CLANG_WARN_NON_LITERAL_NULL_CONVERSION = YES;
				CLANG_WARN_OBJC_IMPLICIT_RETAIN_SELF = YES;
				CLANG_WARN_OBJC_LITERAL_CONVERSION = YES;
				CLANG_WARN_OBJC_ROOT_CLASS = YES_ERROR;
				CLANG_WARN_QUOTED_INCLUDE_IN_FRAMEWORK_HEADER = YES;
				CLANG_WARN_RANGE_LOOP_ANALYSIS = YES;
				CLANG_WARN_STRICT_PROTOTYPES = YES;
				CLANG_WARN_SUSPICIOUS_MOVE = YES;
				CLANG_WARN_UNGUARDED_AVAILABILITY = YES_AGGRESSIVE;
				CLANG_WARN_UNREACHABLE_CODE = YES;
				CLANG_WARN__DUPLICATE_METHOD_MATCH = YES;
				COPY_PHASE_STRIP = NO;
				DEAD_CODE_STRIPPING = YES;
				DEBUG_INFORMATION_FORMAT = dwarf;
				ENABLE_STRICT_OBJC_MSGSEND = YES;
				ENABLE_TESTABILITY = YES;
				ENABLE_USER_SCRIPT_SANDBOXING = YES;
				GCC_C_LANGUAGE_STANDARD = gnu17;
				GCC_DYNAMIC_NO_PIC = NO;
				GCC_NO_COMMON_BLOCKS = YES;
				GCC_OPTIMIZATION_LEVEL = 0;
				GCC_PREPROCESSOR_DEFINITIONS = (
					"DEBUG=1",
					"$(inherited)",
				);
				GCC_WARN_64_TO_32_BIT_CONVERSION = YES;
				GCC_WARN_ABOUT_RETURN_TYPE = YES_ERROR;
				GCC_WARN_UNDECLARED_SELECTOR = YES;
				GCC_WARN_UNINITIALIZED_AUTOS = YES_AGGRESSIVE;
				GCC_WARN_UNUSED_FUNCTION = YES;
				GCC_WARN_UNUSED_VARIABLE = YES;
				LOCALIZATION_PREFERS_STRING_CATALOGS = YES;
				MACOSX_DEPLOYMENT_TARGET = 14.4;
				MTL_ENABLE_DEBUG_INFO = INCLUDE_SOURCE;
				MTL_FAST_MATH = YES;
				ONLY_ACTIVE_ARCH = YES;
				SDKROOT = macosx;
				SWIFT_ACTIVE_COMPILATION_CONDITIONS = "DEBUG $(inherited)";
				SWIFT_OPTIMIZATION_LEVEL = "-Onone";
			};
			name = Debug;
		};
		9B4AA3562DE00D48007629E7 /* Release */ = {
			isa = XCBuildConfiguration;
			buildSettings = {
				ALWAYS_SEARCH_USER_PATHS = NO;
				ASSETCATALOG_COMPILER_GENERATE_SWIFT_ASSET_SYMBOL_EXTENSIONS = YES;
				CLANG_ANALYZER_NONNULL = YES;
				CLANG_ANALYZER_NUMBER_OBJECT_CONVERSION = YES_AGGRESSIVE;
				CLANG_CXX_LANGUAGE_STANDARD = "gnu++20";
				CLANG_ENABLE_MODULES = YES;
				CLANG_ENABLE_OBJC_ARC = YES;
				CLANG_ENABLE_OBJC_WEAK = YES;
				CLANG_WARN_BLOCK_CAPTURE_AUTORELEASING = YES;
				CLANG_WARN_BOOL_CONVERSION = YES;
				CLANG_WARN_COMMA = YES;
				CLANG_WARN_CONSTANT_CONVERSION = YES;
				CLANG_WARN_DEPRECATED_OBJC_IMPLEMENTATIONS = YES;
				CLANG_WARN_DIRECT_OBJC_ISA_USAGE = YES_ERROR;
				CLANG_WARN_DOCUMENTATION_COMMENTS = YES;
				CLANG_WARN_EMPTY_BODY = YES;
				CLANG_WARN_ENUM_CONVERSION = YES;
				CLANG_WARN_INFINITE_RECURSION = YES;
				CLANG_WARN_INT_CONVERSION = YES;
				CLANG_WARN_NON_LITERAL_NULL_CONVERSION = YES;
				CLANG_WARN_OBJC_IMPLICIT_RETAIN_SELF = YES;
				CLANG_WARN_OBJC_LITERAL_CONVERSION = YES;
				CLANG_WARN_OBJC_ROOT_CLASS = YES_ERROR;
				CLANG_WARN_QUOTED_INCLUDE_IN_FRAMEWORK_HEADER = YES;
				CLANG_WARN_RANGE_LOOP_ANALYSIS = YES;
				CLANG_WARN_STRICT_PROTOTYPES = YES;
				CLANG_WARN_SUSPICIOUS_MOVE = YES;
				CLANG_WARN_UNGUARDED_AVAILABILITY = YES_AGGRESSIVE;
				CLANG_WARN_UNREACHABLE_CODE = YES;
				CLANG_WARN__DUPLICATE_METHOD_MATCH = YES;
				COPY_PHASE_STRIP = NO;
				DEAD_CODE_STRIPPING = YES;
				DEBUG_INFORMATION_FORMAT = "dwarf-with-dsym";
				ENABLE_NS_ASSERTIONS = NO;
				ENABLE_STRICT_OBJC_MSGSEND = YES;
				ENABLE_USER_SCRIPT_SANDBOXING = YES;
				GCC_C_LANGUAGE_STANDARD = gnu17;
				GCC_NO_COMMON_BLOCKS = YES;
				GCC_WARN_64_TO_32_BIT_CONVERSION = YES;
				GCC_WARN_ABOUT_RETURN_TYPE = YES_ERROR;
				GCC_WARN_UNDECLARED_SELECTOR = YES;
				GCC_WARN_UNINITIALIZED_AUTOS = YES_AGGRESSIVE;
				GCC_WARN_UNUSED_FUNCTION = YES;
				GCC_WARN_UNUSED_VARIABLE = YES;
				LOCALIZATION_PREFERS_STRING_CATALOGS = YES;
				MACOSX_DEPLOYMENT_TARGET = 14.4;
				MTL_ENABLE_DEBUG_INFO = NO;
				MTL_FAST_MATH = YES;
				SDKROOT = macosx;
				SWIFT_COMPILATION_MODE = wholemodule;
			};
			name = Release;
		};
		9B4AA3582DE00D48007629E7 /* Debug */ = {
			isa = XCBuildConfiguration;
			buildSettings = {
				ASSETCATALOG_COMPILER_APPICON_NAME = AppIcon;
				ASSETCATALOG_COMPILER_GLOBAL_ACCENT_COLOR_NAME = AccentColor;
				CODE_SIGN_ENTITLEMENTS = FontManager/FontManager.entitlements;
				CODE_SIGN_STYLE = Automatic;
				COMBINE_HIDPI_IMAGES = YES;
				CURRENT_PROJECT_VERSION = 1;
				DEAD_CODE_STRIPPING = YES;
				DEVELOPMENT_ASSET_PATHS = "\"FontManager/Preview Content\"";
				ENABLE_PREVIEWS = YES;
				GENERATE_INFOPLIST_FILE = YES;
				INFOPLIST_KEY_CFBundleDisplayName = Fonts;
				INFOPLIST_KEY_LSApplicationCategoryType = "public.app-category.productivity";
				INFOPLIST_KEY_NSHumanReadableCopyright = "";
				LD_RUNPATH_SEARCH_PATHS = (
					"$(inherited)",
					"@executable_path/../Frameworks",
				);
				MARKETING_VERSION = 1.0;
				PRODUCT_BUNDLE_IDENTIFIER = alvinleung.FontManager;
				PRODUCT_NAME = "$(TARGET_NAME)";
				SWIFT_EMIT_LOC_STRINGS = YES;
				SWIFT_VERSION = 5.0;
			};
			name = Debug;
		};
		9B4AA3592DE00D48007629E7 /* Release */ = {
			isa = XCBuildConfiguration;
			buildSettings = {
				ASSETCATALOG_COMPILER_APPICON_NAME = AppIcon;
				ASSETCATALOG_COMPILER_GLOBAL_ACCENT_COLOR_NAME = AccentColor;
				CODE_SIGN_ENTITLEMENTS = FontManager/FontManager.entitlements;
				CODE_SIGN_STYLE = Automatic;
				COMBINE_HIDPI_IMAGES = YES;
				CURRENT_PROJECT_VERSION = 1;
				DEAD_CODE_STRIPPING = YES;
				DEVELOPMENT_ASSET_PATHS = "\"FontManager/Preview Content\"";
				ENABLE_PREVIEWS = YES;
				GENERATE_INFOPLIST_FILE = YES;
				INFOPLIST_KEY_CFBundleDisplayName = Fonts;
				INFOPLIST_KEY_LSApplicationCategoryType = "public.app-category.productivity";
				INFOPLIST_KEY_NSHumanReadableCopyright = "";
				LD_RUNPATH_SEARCH_PATHS = (
					"$(inherited)",
					"@executable_path/../Frameworks",
				);
				MARKETING_VERSION = 1.0;
				PRODUCT_BUNDLE_IDENTIFIER = alvinleung.FontManager;
				PRODUCT_NAME = "$(TARGET_NAME)";
				SWIFT_EMIT_LOC_STRINGS = YES;
				SWIFT_VERSION = 5.0;
			};
			name = Release;
		};
		9B4AA35B2DE00D48007629E7 /* Debug */ = {
			isa = XCBuildConfiguration;
			buildSettings = {
				BUNDLE_LOADER = "$(TEST_HOST)";
				CODE_SIGN_STYLE = Automatic;
				CURRENT_PROJECT_VERSION = 1;
				DEAD_CODE_STRIPPING = YES;
				GENERATE_INFOPLIST_FILE = YES;
				MACOSX_DEPLOYMENT_TARGET = 14.4;
				MARKETING_VERSION = 1.0;
				PRODUCT_BUNDLE_IDENTIFIER = daybreak.FontManagerTests;
				PRODUCT_NAME = "$(TARGET_NAME)";
				SWIFT_EMIT_LOC_STRINGS = NO;
				SWIFT_VERSION = 5.0;
				TEST_HOST = "$(BUILT_PRODUCTS_DIR)/FontManager.app/$(BUNDLE_EXECUTABLE_FOLDER_PATH)/FontManager";
			};
			name = Debug;
		};
		9B4AA35C2DE00D48007629E7 /* Release */ = {
			isa = XCBuildConfiguration;
			buildSettings = {
				BUNDLE_LOADER = "$(TEST_HOST)";
				CODE_SIGN_STYLE = Automatic;
				CURRENT_PROJECT_VERSION = 1;
				DEAD_CODE_STRIPPING = YES;
				GENERATE_INFOPLIST_FILE = YES;
				MACOSX_DEPLOYMENT_TARGET = 14.4;
				MARKETING_VERSION = 1.0;
				PRODUCT_BUNDLE_IDENTIFIER = daybreak.FontManagerTests;
				PRODUCT_NAME = "$(TARGET_NAME)";
				SWIFT_EMIT_LOC_STRINGS = NO;
				SWIFT_VERSION = 5.0;
				TEST_HOST = "$(BUILT_PRODUCTS_DIR)/FontManager.app/$(BUNDLE_EXECUTABLE_FOLDER_PATH)/FontManager";
			};
			name = Release;
		};
		9B4AA35E2DE00D48007629E7 /* Debug */ = {
			isa = XCBuildConfiguration;
			buildSettings = {
				CODE_SIGN_STYLE = Automatic;
				CURRENT_PROJECT_VERSION = 1;
				DEAD_CODE_STRIPPING = YES;
				GENERATE_INFOPLIST_FILE = YES;
				MARKETING_VERSION = 1.0;
				PRODUCT_BUNDLE_IDENTIFIER = daybreak.FontManagerUITests;
				PRODUCT_NAME = "$(TARGET_NAME)";
				SWIFT_EMIT_LOC_STRINGS = NO;
				SWIFT_VERSION = 5.0;
				TEST_TARGET_NAME = FontManager;
			};
			name = Debug;
		};
		9B4AA35F2DE00D48007629E7 /* Release */ = {
			isa = XCBuildConfiguration;
			buildSettings = {
				CODE_SIGN_STYLE = Automatic;
				CURRENT_PROJECT_VERSION = 1;
				DEAD_CODE_STRIPPING = YES;
				GENERATE_INFOPLIST_FILE = YES;
				MARKETING_VERSION = 1.0;
				PRODUCT_BUNDLE_IDENTIFIER = daybreak.FontManagerUITests;
				PRODUCT_NAME = "$(TARGET_NAME)";
				SWIFT_EMIT_LOC_STRINGS = NO;
				SWIFT_VERSION = 5.0;
				TEST_TARGET_NAME = FontManager;
			};
			name = Release;
		};
/* End XCBuildConfiguration section */

/* Begin XCConfigurationList section */
		9B4AA32D2DE00D47007629E7 /* Build configuration list for PBXProject "FontManager" */ = {
			isa = XCConfigurationList;
			buildConfigurations = (
				9B4AA3552DE00D48007629E7 /* Debug */,
				9B4AA3562DE00D48007629E7 /* Release */,
			);
			defaultConfigurationIsVisible = 0;
			defaultConfigurationName = Release;
		};
		9B4AA3572DE00D48007629E7 /* Build configuration list for PBXNativeTarget "FontManager" */ = {
			isa = XCConfigurationList;
			buildConfigurations = (
				9B4AA3582DE00D48007629E7 /* Debug */,
				9B4AA3592DE00D48007629E7 /* Release */,
			);
			defaultConfigurationIsVisible = 0;
			defaultConfigurationName = Release;
		};
		9B4AA35A2DE00D48007629E7 /* Build configuration list for PBXNativeTarget "FontManagerTests" */ = {
			isa = XCConfigurationList;
			buildConfigurations = (
				9B4AA35B2DE00D48007629E7 /* Debug */,
				9B4AA35C2DE00D48007629E7 /* Release */,
			);
			defaultConfigurationIsVisible = 0;
			defaultConfigurationName = Release;
		};
		9B4AA35D2DE00D48007629E7 /* Build configuration list for PBXNativeTarget "FontManagerUITests" */ = {
			isa = XCConfigurationList;
			buildConfigurations = (
				9B4AA35E2DE00D48007629E7 /* Debug */,
				9B4AA35F2DE00D48007629E7 /* Release */,
			);
			defaultConfigurationIsVisible = 0;
			defaultConfigurationName = Release;
		};
/* End XCConfigurationList section */
	};
	rootObject = 9B4AA32A2DE00D47007629E7 /* Project object */;
}
